
Microsoft Visual Studio Solution File, Format Version 12.00
# Visual Studio Version 17
VisualStudioVersion = 17.5.002.0
MinimumVisualStudioVersion = 10.0.40219.1
Project("{9A19103F-16F7-4668-BE54-9A1E7A4F7556}") = "solarrelay7", "solarrelay7.csproj", "{C74F718F-4E48-4ADB-946A-C4E09C5FBFCF}"
EndProject
Global
	GlobalSection(SolutionConfigurationPlatforms) = preSolution
		Debug|Any CPU = Debug|Any CPU
		Release|Any CPU = Release|Any CPU
	EndGlobalSection
	GlobalSection(ProjectConfigurationPlatforms) = postSolution
		{C74F718F-4E48-4ADB-946A-C4E09C5FBFCF}.Debug|Any CPU.ActiveCfg = Debug|Any CPU
		{C74F718F-4E48-4ADB-946A-C4E09C5FBFCF}.Debug|Any CPU.Build.0 = Debug|Any CPU
		{C74F718F-4E48-4ADB-946A-C4E09C5FBFCF}.Release|Any CPU.ActiveCfg = Release|Any CPU
		{C74F718F-4E48-4ADB-946A-C4E09C5FBFCF}.Release|Any CPU.Build.0 = Release|Any CPU
	EndGlobalSection
	GlobalSection(SolutionProperties) = preSolution
		HideSolutionNode = FALSE
	EndGlobalSection
	GlobalSection(ExtensibilityGlobals) = postSolution
		SolutionGuid = {D8D10ECD-9701-4D55-850B-A4086D3B18BB}
	EndGlobalSection
EndGlobal
