
Microsoft Visual Studio Solution File, Format Version 12.00
# Visual Studio Version 17
VisualStudioVersion = 17.0.32112.339
MinimumVisualStudioVersion = 10.0.40219.1
Project("{FAE04EC0-301F-11D3-BF4B-00C04F79EFBC}") = "ConsoleApp1", "ConsoleApp1\ConsoleApp1.csproj", "{EF1FAB8C-1906-406E-9A02-D1A3B85A4527}"
EndProject
Global
	GlobalSection(SolutionConfigurationPlatforms) = preSolution
		Debug|Any CPU = Debug|Any CPU
		Release|Any CPU = Release|Any CPU
	EndGlobalSection
	GlobalSection(ProjectConfigurationPlatforms) = postSolution
		{EF1FAB8C-1906-406E-9A02-D1A3B85A4527}.Debug|Any CPU.ActiveCfg = Debug|Any CPU
		{EF1FAB8C-1906-406E-9A02-D1A3B85A4527}.Debug|Any CPU.Build.0 = Debug|Any CPU
		{EF1FAB8C-1906-406E-9A02-D1A3B85A4527}.Release|Any CPU.ActiveCfg = Release|Any CPU
		{EF1FAB8C-1906-406E-9A02-D1A3B85A4527}.Release|Any CPU.Build.0 = Release|Any CPU
	EndGlobalSection
	GlobalSection(SolutionProperties) = preSolution
		HideSolutionNode = FALSE
	EndGlobalSection
	GlobalSection(ExtensibilityGlobals) = postSolution
		SolutionGuid = {67A3C04C-594A-4E32-9FE3-29D14C1FCFC0}
	EndGlobalSection
EndGlobal
