
Microsoft Visual Studio Solution File, Format Version 12.00
# Visual Studio Version 16
VisualStudioVersion = 16.0.31129.286
MinimumVisualStudioVersion = 10.0.40219.1
Project("{FAE04EC0-301F-11D3-BF4B-00C04F79EFBC}") = "DTIFunctions2", "DTIFunctions2\DTIFunctions2.csproj", "{7214DEEB-832B-447E-B94F-0789D220BFC9}"
EndProject
Global
	GlobalSection(SolutionConfigurationPlatforms) = preSolution
		Debug|Any CPU = Debug|Any CPU
		Release|Any CPU = Release|Any CPU
	EndGlobalSection
	GlobalSection(ProjectConfigurationPlatforms) = postSolution
		{7214DEEB-832B-447E-B94F-0789D220BFC9}.Debug|Any CPU.ActiveCfg = Debug|Any CPU
		{7214DEEB-832B-447E-B94F-0789D220BFC9}.Debug|Any CPU.Build.0 = Debug|Any CPU
		{7214DEEB-832B-447E-B94F-0789D220BFC9}.Release|Any CPU.ActiveCfg = Release|Any CPU
		{7214DEEB-832B-447E-B94F-0789D220BFC9}.Release|Any CPU.Build.0 = Release|Any CPU
	EndGlobalSection
	GlobalSection(SolutionProperties) = preSolution
		HideSolutionNode = FALSE
	EndGlobalSection
	GlobalSection(ExtensibilityGlobals) = postSolution
		SolutionGuid = {71447984-00BB-4896-BF0B-B01BD144047C}
	EndGlobalSection
EndGlobal
